
Microsoft Visual Studio Solution File, Format Version 12.00
# Visual Studio Version 17
VisualStudioVersion = 17.2.32616.157
MinimumVisualStudioVersion = 10.0.40219.1
Project("{FAE04EC0-301F-11D3-BF4B-00C04F79EFBC}") = "apidemo", "apidemo\apidemo.csproj", "{9174ADB5-EBC5-419A-BF6D-91B80772799B}"
EndProject
Global
	GlobalSection(SolutionConfigurationPlatforms) = preSolution
		Debug|Any CPU = Debug|Any CPU
		Release|Any CPU = Release|Any CPU
	EndGlobalSection
	GlobalSection(ProjectConfigurationPlatforms) = postSolution
		{9174ADB5-EBC5-419A-BF6D-91B80772799B}.Debug|Any CPU.ActiveCfg = Debug|Any CPU
		{9174ADB5-EBC5-419A-BF6D-91B80772799B}.Debug|Any CPU.Build.0 = Debug|Any CPU
		{9174ADB5-EBC5-419A-BF6D-91B80772799B}.Release|Any CPU.ActiveCfg = Release|Any CPU
		{9174ADB5-EBC5-419A-BF6D-91B80772799B}.Release|Any CPU.Build.0 = Release|Any CPU
	EndGlobalSection
	GlobalSection(SolutionProperties) = preSolution
		HideSolutionNode = FALSE
	EndGlobalSection
	GlobalSection(ExtensibilityGlobals) = postSolution
		SolutionGuid = {C5178044-D176-4D4E-9C7C-CB1C621B668D}
	EndGlobalSection
EndGlobal
